
Microsoft Visual Studio Solution File, Format Version 12.00
# Visual Studio Version 17
VisualStudioVersion = 17.11.35327.3
MinimumVisualStudioVersion = 10.0.40219.1
Project("{9A19103F-16F7-4668-BE54-9A1E7A4F7556}") = "AzureIoT", "AzureIoT\AzureIoT.csproj", "{A1621E9D-2C3B-4698-AD0C-54714DABEBB2}"
EndProject
Project("{FAE04EC0-301F-11D3-BF4B-00C04F79EFBC}") = "WebAPI", "WebAPI\WebAPI.csproj", "{D4D0C6BB-45E8-49AE-A2F6-47E99A91A519}"
EndProject
Project("{FAE04EC0-301F-11D3-BF4B-00C04F79EFBC}") = "Receiver", "Receiver\Receiver.csproj", "{CFB0A6D6-2FB4-40F5-9248-41F161BE5F3B}"
EndProject
Global
	GlobalSection(SolutionConfigurationPlatforms) = preSolution
		Debug|Any CPU = Debug|Any CPU
		Release|Any CPU = Release|Any CPU
	EndGlobalSection
	GlobalSection(ProjectConfigurationPlatforms) = postSolution
		{A1621E9D-2C3B-4698-AD0C-54714DABEBB2}.Debug|Any CPU.ActiveCfg = Debug|Any CPU
		{A1621E9D-2C3B-4698-AD0C-54714DABEBB2}.Debug|Any CPU.Build.0 = Debug|Any CPU
		{A1621E9D-2C3B-4698-AD0C-54714DABEBB2}.Release|Any CPU.ActiveCfg = Release|Any CPU
		{A1621E9D-2C3B-4698-AD0C-54714DABEBB2}.Release|Any CPU.Build.0 = Release|Any CPU
		{D4D0C6BB-45E8-49AE-A2F6-47E99A91A519}.Debug|Any CPU.ActiveCfg = Debug|Any CPU
		{D4D0C6BB-45E8-49AE-A2F6-47E99A91A519}.Debug|Any CPU.Build.0 = Debug|Any CPU
		{D4D0C6BB-45E8-49AE-A2F6-47E99A91A519}.Release|Any CPU.ActiveCfg = Release|Any CPU
		{D4D0C6BB-45E8-49AE-A2F6-47E99A91A519}.Release|Any CPU.Build.0 = Release|Any CPU
		{CFB0A6D6-2FB4-40F5-9248-41F161BE5F3B}.Debug|Any CPU.ActiveCfg = Debug|Any CPU
		{CFB0A6D6-2FB4-40F5-9248-41F161BE5F3B}.Debug|Any CPU.Build.0 = Debug|Any CPU
		{CFB0A6D6-2FB4-40F5-9248-41F161BE5F3B}.Release|Any CPU.ActiveCfg = Release|Any CPU
		{CFB0A6D6-2FB4-40F5-9248-41F161BE5F3B}.Release|Any CPU.Build.0 = Release|Any CPU
	EndGlobalSection
	GlobalSection(SolutionProperties) = preSolution
		HideSolutionNode = FALSE
	EndGlobalSection
	GlobalSection(ExtensibilityGlobals) = postSolution
		SolutionGuid = {686DEFD3-2675-40ED-ABF7-565F94A0C0C2}
	EndGlobalSection
EndGlobal
